<?xml version="1.0" encoding="utf-8"?>
<Project ToolsVersion="4.0" xmlns="http://schemas.microsoft.com/developer/msbuild/2003">
  <ItemGroup>
    <Filter Include="Engine">
      <UniqueIdentifier>{4FC737F1-C7A5-4376-A066-2A32D752A2FF}</UniqueIdentifier>
      <Extensions>cpp;c;cc;cxx;c++;cppm;ixx;def;odl;idl;hpj;bat;asm;asmx</Extensions>
    </Filter>
    <Filter Include="Engine\Buffer">
      <UniqueIdentifier>{c81ca7e6-9cdc-478d-8575-d31b8b49c5fb}</UniqueIdentifier>
    </Filter>
    <Filter Include="Engine\Res">
      <UniqueIdentifier>{cd4fad1b-518c-4320-9e98-33ad26e9d1e7}</UniqueIdentifier>
    </Filter>
    <Filter Include="Engine\Res\Shader">
      <UniqueIdentifier>{aa6dc8d5-104f-4383-a447-62a180ad5c60}</UniqueIdentifier>
    </Filter>
    <Filter Include="Src">
      <UniqueIdentifier>{bdb1c733-ef59-4691-bab0-f052ccb6fdd0}</UniqueIdentifier>
    </Filter>
    <Filter Include="Engine\Graphics">
      <UniqueIdentifier>{0c74fe4f-fd1a-47ab-99a4-4f6b756e7a76}</UniqueIdentifier>
    </Filter>
    <Filter Include="Engine\Graphics\DescriptorHeap">
      <UniqueIdentifier>{3ccf2285-3f8d-4cac-9d9f-baf8d1495890}</UniqueIdentifier>
    </Filter>
    <Filter Include="Engine\Graphics\Factory">
      <UniqueIdentifier>{50357f79-fd3d-4546-a40f-112ee6c16335}</UniqueIdentifier>
    </Filter>
    <Filter Include="Engine\Graphics\Device">
      <UniqueIdentifier>{e8a040bd-20d5-4a69-89ca-16761220324d}</UniqueIdentifier>
    </Filter>
    <Filter Include="Engine\Graphics\CommandQueue">
      <UniqueIdentifier>{8a0d0bbf-da44-4c08-9b3a-dade6e9e4959}</UniqueIdentifier>
    </Filter>
    <Filter Include="Engine\Graphics\SwapChain">
      <UniqueIdentifier>{41d8ad1e-71b2-4cbd-90f4-2c2699cf2e40}</UniqueIdentifier>
    </Filter>
    <Filter Include="Engine\Graphics\RootSignature">
      <UniqueIdentifier>{873e140e-779d-4689-85ef-2cabc3a13cb9}</UniqueIdentifier>
    </Filter>
    <Filter Include="Engine\Graphics\Pipeline">
      <UniqueIdentifier>{093a0ef1-48e8-404e-b71c-b7869fae7102}</UniqueIdentifier>
    </Filter>
    <Filter Include="Engine\CommandAllocator">
      <UniqueIdentifier>{496ad408-017c-41a0-a28a-0cd6dde6dd53}</UniqueIdentifier>
    </Filter>
  </ItemGroup>
  <ItemGroup>
    <ClCompile Include="Engine\Engine.cpp">
      <Filter>Engine</Filter>
    </ClCompile>
    <ClCompile Include="Engine\Input.cpp">
      <Filter>Engine</Filter>
    </ClCompile>
    <ClCompile Include="Engine\Window.cpp">
      <Filter>Engine</Filter>
    </ClCompile>
    <ClCompile Include="Engine\Buffer\BufferManager.cpp">
      <Filter>Engine\Buffer</Filter>
    </ClCompile>
    <ClCompile Include="Engine\Buffer\ConstantBuffer.cpp">
      <Filter>Engine\Buffer</Filter>
    </ClCompile>
    <ClCompile Include="Engine\Buffer\IndexBuffer.cpp">
      <Filter>Engine\Buffer</Filter>
    </ClCompile>
    <ClCompile Include="Engine\Buffer\TexBuffer.cpp">
      <Filter>Engine\Buffer</Filter>
    </ClCompile>
    <ClCompile Include="Engine\Buffer\VertexBuffer.cpp">
      <Filter>Engine\Buffer</Filter>
    </ClCompile>
    <ClCompile Include="Src\Main.cpp">
      <Filter>Src</Filter>
    </ClCompile>
    <ClCompile Include="Engine\Graphics\DescriptorHeap\DescriptorHeap.cpp">
      <Filter>Engine\Graphics\DescriptorHeap</Filter>
    </ClCompile>
    <ClCompile Include="Engine\Graphics\Graphics.cpp">
      <Filter>Engine\Graphics</Filter>
    </ClCompile>
    <ClCompile Include="Engine\Graphics\Factory\Factory.cpp">
      <Filter>Engine\Graphics\Factory</Filter>
    </ClCompile>
    <ClCompile Include="Engine\Graphics\Device\Device.cpp">
      <Filter>Engine\Graphics\Device</Filter>
    </ClCompile>
    <ClCompile Include="Engine\Graphics\CommandQueue\CommandQueue.cpp">
      <Filter>Engine\Graphics\CommandQueue</Filter>
    </ClCompile>
    <ClCompile Include="Engine\Graphics\SwapChain\SwapChain.cpp">
      <Filter>Engine\Graphics\SwapChain</Filter>
    </ClCompile>
    <ClCompile Include="Engine\Graphics\RootSignature\RootSignature.cpp">
      <Filter>Engine\Graphics\RootSignature</Filter>
    </ClCompile>
    <ClCompile Include="Engine\Graphics\Pipeline\Pipeline.cpp">
      <Filter>Engine\Graphics\Pipeline</Filter>
    </ClCompile>
    <ClCompile Include="Engine\Graphics\CommandAllocator\CommandAllocator.cpp">
      <Filter>Engine\CommandAllocator</Filter>
    </ClCompile>
  </ItemGroup>
  <ItemGroup>
    <ClInclude Include="Engine\CommonDifinition.h">
      <Filter>Engine</Filter>
    </ClInclude>
    <ClInclude Include="Engine\Engine.h">
      <Filter>Engine</Filter>
    </ClInclude>
    <ClInclude Include="Engine\Input.h">
      <Filter>Engine</Filter>
    </ClInclude>
    <ClInclude Include="Engine\InputDataDefinition.h">
      <Filter>Engine</Filter>
    </ClInclude>
    <ClInclude Include="Engine\Window.h">
      <Filter>Engine</Filter>
    </ClInclude>
    <ClInclude Include="Engine\Buffer\BufferManager.h">
      <Filter>Engine\Buffer</Filter>
    </ClInclude>
    <ClInclude Include="Engine\Buffer\ConstantBuffer.h">
      <Filter>Engine\Buffer</Filter>
    </ClInclude>
    <ClInclude Include="Engine\Buffer\IndexBuffer.h">
      <Filter>Engine\Buffer</Filter>
    </ClInclude>
    <ClInclude Include="Engine\Buffer\TexBuffer.h">
      <Filter>Engine\Buffer</Filter>
    </ClInclude>
    <ClInclude Include="Engine\Buffer\VertexBuffer.h">
      <Filter>Engine\Buffer</Filter>
    </ClInclude>
    <ClInclude Include="Engine\Graphics\DescriptorHeap\DescriptorHeap.h">
      <Filter>Engine\Graphics\DescriptorHeap</Filter>
    </ClInclude>
    <ClInclude Include="Engine\Graphics\Graphics.h">
      <Filter>Engine\Graphics</Filter>
    </ClInclude>
    <ClInclude Include="Engine\Graphics\Factory\Factory.h">
      <Filter>Engine\Graphics\Factory</Filter>
    </ClInclude>
    <ClInclude Include="Engine\Graphics\Device\Device.h">
      <Filter>Engine\Graphics\Device</Filter>
    </ClInclude>
    <ClInclude Include="Engine\Graphics\CommandQueue\CommandQueue.h">
      <Filter>Engine\Graphics\CommandQueue</Filter>
    </ClInclude>
    <ClInclude Include="Engine\Graphics\SwapChain\SwapChain.h">
      <Filter>Engine\Graphics\SwapChain</Filter>
    </ClInclude>
    <ClInclude Include="Engine\Graphics\RootSignature\RootSignature.h">
      <Filter>Engine\Graphics\RootSignature</Filter>
    </ClInclude>
    <ClInclude Include="Engine\Graphics\Pipeline\Pipeline.h">
      <Filter>Engine\Graphics\Pipeline</Filter>
    </ClInclude>
    <ClInclude Include="Engine\Graphics\CommandAllocator\CommandAllocator.h">
      <Filter>Engine\CommandAllocator</Filter>
    </ClInclude>
  </ItemGroup>
  <ItemGroup>
    <FxCompile Include="Engine\Res\Shader\PixelShader.hlsl">
      <Filter>Engine\Res\Shader</Filter>
    </FxCompile>
    <FxCompile Include="Engine\Res\Shader\VertexShader.hlsl">
      <Filter>Engine\Res\Shader</Filter>
    </FxCompile>
  </ItemGroup>
  <ItemGroup>
    <None Include="Engine\Res\Shader\ShaderHeader.hlsli">
      <Filter>Engine\Res\Shader</Filter>
    </None>
  </ItemGroup>
</Project>